schema: '2.0'
stages:
  fetch_hidro:
    cmd: "poetry run python src/data/fetch_hidro_data.py\ngit commit -am \"Updated
      raw hidro data on `date` with DVC pipeline and GitHub workflows\" || true\n\
      git push || true\ndvc push || true\n"
    deps:
    - path: src/data/fetch_hidro_data.py
      hash: md5
      md5: 73c54a93d6d122ae33d6aa20a7ebf20d
      size: 946
    params:
      params.yaml:
        fetch.hidro_url: 
          https://www.arso.gov.si/xml/vode/hidro_podatki_zadnji.xml
    outs:
    - path: data/raw/hidro/hidro_data.xml
      hash: md5
      md5: ed398838507791f34110e956d579f18d
      size: 98427
  preprocess_hidro:
    cmd: "poetry run python src/data/preprocess_hidro_data.py\ngit commit -am \"Updated
      preprocessed hidro data on `date` with DVC pipeline and GitHub workflows\" ||
      true\ngit push || true\ndvc push || true\n"
    deps:
    - path: data/raw/hidro/hidro_data.xml
      hash: md5
      md5: ed398838507791f34110e956d579f18d
      size: 98427
    - path: src/data/preprocess_hidro_data.py
      hash: md5
      md5: 6a2c339aff336a4c5dbc703254ea4599
      size: 3070
    params:
      params.yaml:
        stations.hidro_stations:
        - Ajdovščina
        - Bezovljak
        - Bistra
        - Bišče
        - Blate
        - Bodešče
        - Bokalce
        - Borl
        - Borovnica
        - Branik
        - Cankova
        - Celje
        - Cerknica
        - Cerkno
        - Dekani
        - Dolenjce
        - Dolenje
        - Dovže
        - Dvor
        - Fužina
        - Gaberke
        - Gočova
        - Gradac
        - Gradiček
        - Hasberg
        - Hodoš
        - Hotešk
        - Hrastnik
        - Ig
        - Jelovec
        - Jesenice
        - Kamin
        - Kamnik
        - Kobarid
        - Kobilje
        - Kokra
        - Kranj
        - Kraše
        - Kršovec
        - Kubed
        - Lajb
        - Laško
        - Letuš
        - Levec
        - Litija
        - Livold
        - Logatec
        - Loka
        - Loče
        - Luče
        - Makole
        - Malni
        - Martjanci
        - Medlog
        - Medno
        - Medvode
        - Metlika
        - Miren
        - Mlačevo
        - Mlino
        - Moste
        - Muta
        - Nazarje
        - Neblo
        - Nevlje
        - Nuskova
        - Okroglo
        - Ovsiše
        - Perovec
        - Petanjci
        - Petrina
        - Pišine
        - Podbočje
        - Podbukovje
        - Podhom
        - Podkaštel
        - Podlehnik
        - Podnanos
        - Podrečje
        - Podroteja
        - Polana
        - Polže
        - Potoki
        - Preska
        - Prestranek
        - Prečna
        - Prigorica
        - Pristava
        - Ptuj
        - Radovljica
        - Rakovec
        - Ranca
        - Razori
        - Rašica
        - Rečica
        - Rogatec
        - Ruta
        - Sodevci
        - Sodražica
        - Solkan
        - Solčava
        - Soteska
        - Središče
        - Stopiče
        - Suha
        - Tolmin
        - Topole
        - Trnovo
        - Trpčane
        - Tržec
        - Ukanc
        - Velenje
        - Verd
        - Vešter
        - Videm
        - Vipava
        - Vir
        - Vodiško
        - Vrhnika
        - Zagaj
        - Zagorje
        - Zalošče
        - Zamušani
        - Zarečica
        - Zavrč
        - Zminec
        - Zreče
        - Čatež
        - Čentiba
        - Črna
        - Črneče
        - Črnolica
        - Šalara
        - Šentjakob
        - Škocjan
        - Šoštanj
        - Žaga
        - Žebnik
        - Železniki
        - Žiri
    outs:
    - path: data/preprocessed/hidro
      hash: md5
      md5: ad4129d465fa1ceb8ebd08f72fffae88.dir
      size: 19957536
      nfiles: 147
  fetch_weather:
    cmd: "poetry run python src/data/fetch_weather_data.py\ngit commit -am \"Updated
      raw weather data on `date` with DVC pipeline and GitHub workflows\" || true\n\
      git push || true\ndvc push || true\n"
    deps:
    - path: src/data/fetch_weather_data.py
      hash: md5
      md5: 0c24e13c2f53de40932bb824ff05db62
      size: 932
    params:
      params.yaml:
        fetch.weather_url: 
          https://meteo.arso.gov.si/uploads/probase/www/observ/surface/text/sl/observationAms_si_latest.xml
    outs:
    - path: data/raw/weather/weather_data.xml
      hash: md5
      md5: 5515c98f3e6ce8276691f745488f4f38
      size: 573504
  preprocess_weather:
    cmd: "poetry run python src/data/preprocess_weather_data.py\ngit commit -am \"\
      Updated preprocessed weather data on `date` with DVC pipeline and GitHub workflows\"\
      \ || true\ngit push || true\ndvc push || true\n"
    deps:
    - path: data/raw/weather/weather_data.xml
      hash: md5
      md5: 830b7ecad4fd2c774a4bfc702277ad09
      size: 793318
    - path: src/data/preprocess_weather_data.py
      hash: md5
      md5: b02a4b19fbbf9f61747746248991ec4d
      size: 3007
    params:
      params.yaml:
        stations.weather_stations:
        - BABNO_POLJE
        - BILJE
        - BLEGOŠ
        - BOHINJSKA_ČEŠNJICA
        - BORŠT_PRI_GORENJI_VASI
        - BOVEC
        - BREGINJ
        - BRNIK_LETALIŠČE
        - BUKOVSKI_VRH
        - CELJE
        - CERKLJE_LETALIŠČE
        - CERKNIŠKO_JEZERO
        - DAVČA
        - DEBELI_RTIČ
        - Dobliče_Črnomelj
        - Dolenje_Ajdovščina
        - GAČNIK
        - GODNJE
        - GORIČKO
        - GORNJI_GRAD
        - HOČKO_POHORJE
        - HRASTNIK
        - IDRIJA_ČISTILNA_NAPRAVA
        - ILIRSKA_BISTRICA
        - ISKRBA
        - JERONIM
        - JERUZALEM
        - JEZERSKO
        - KAMNIŠKA_BISTRICA
        - KANIN
        - KOPER
        - KOPER_KAPETANIJA
        - KOPER_LUKA
        - KORENSKO_SEDLO
        - KOČEVJE
        - KRANJ
        - KREDARICA
        - KRN
        - KRVAVEC
        - KUBED
        - KUM
        - Krško
        - LESCE
        - LISCA
        - LITIJA
        - LJUBLJANA_BEŽIGRAD
        - LJUBLJANA_VIČ
        - LOGARSKA_DOLINA
        - LOGATEC
        - Lendava
        - MALKOVEC
        - MARIBOR_LETALIŠČE
        - MARIBOR_VRBANSKI_PLATO
        - MARINČA_VAS
        - METLIKA
        - MEŽICA
        - MIKLAVŽ_NA_GORJANCIH
        - MURSKA_SOBOTA_RAKIČAN
        - NANOS
        - NOVA_GORICA
        - NOVA_VAS_BLOKE
        - NOVO_MESTO
        - OSILNICA
        - OTLICA
        - PASJA_RAVAN
        - PAVLIČEVO_SEDLO
        - PIRAN_BOJA
        - PLANINA_POD_GOLICO
        - PODNANOS
        - PORTOROŽ_LETALIŠČE
        - POSTOJNA
        - PREDEL
        - PTUJ
        - RADEGUNDA
        - RATEČE_PLANICA
        - RATITOVEC
        - RAVNE_NA_KOROŠKEM
        - ROGAŠKA_SLATINA
        - ROGLA
        - RUDNO_POLJE
        - SEVNO
        - SLAVNIK
        - SLOVENJ_GRADEC
        - SLOVENSKE_KONJICE
        - SVIŠČAKI
        - TATRE
        - TOLMIN_VOLČE
        - TOPOL
        - TRBOVLJE
        - TREBNJE
        - TRIJE_KRALJI
        - TROJANE_LIMOVCE
        - TRŽAŠKI_ZALIV
        - URŠLJA_GORA
        - VEDRIJAN
        - VELENJE
        - VELIKE_LAŠČE
        - VRHNIKA
        - VRŠIČ
        - Vogel
        - ZADLOG
        - ZELENICA
        - ZGORNJA_KAPLA
        - ZGORNJA_RADOVNA
        - ZGORNJA_sORICA
        - ŠEBRELJSKI_VRH
        - ŠKOCJAN
    outs:
    - path: data/preprocessed/weather
      hash: md5
      md5: 02bd4a22c7dba0d942f5dd6189d529c7.dir
      size: 10659218
      nfiles: 57
  validate_data:
    cmd: poetry run python gx/run_checkpoint.py
    deps:
    - path: data/preprocessed/hidro
      hash: md5
      md5: d09d5c2e4355d9be1ae3aad6e739d333.dir
      size: 19939034
      nfiles: 147
    - path: data/preprocessed/weather
      hash: md5
      md5: aedf693be370a18d5d9822a2d979f3a9.dir
      size: 10659218
      nfiles: 57
    - path: gx/expectations/hidro_suite.json
      hash: md5
      md5: b24ab9d3402bb46e709b74d3288c2f27
      size: 1870
    - path: gx/expectations/weather_suite.json
      hash: md5
      md5: 3c5343e4b48447f9e98b46a08b6829b3
      size: 2552
    - path: gx/great_expectations.yml
      hash: md5
      md5: 21ab57530cd658bc98d6697881faec24
      size: 23109
    - path: gx/run_checkpoint.py
      hash: md5
      md5: 4964c3a6434d902d25e4515333183a99
      size: 2003
    outs:
    - path: gx/uncommitted/data_docs
      hash: md5
      md5: cfa91930503844042434797617931b9f.dir
      size: 29583568
      nfiles: 451
  test_data:
    cmd: poetry run python src/data/test_data.py
    deps:
    - path: data/preprocessed/hidro
      hash: md5
      md5: d09d5c2e4355d9be1ae3aad6e739d333.dir
      size: 19939034
      nfiles: 147
    - path: data/preprocessed/weather
      hash: md5
      md5: aedf693be370a18d5d9822a2d979f3a9.dir
      size: 10659218
      nfiles: 57
    - path: src/data/test_data.py
      hash: md5
      md5: 8da7a5edacaec93bc1fb5c1e75722bf8
      size: 2955
    outs:
    - path: data/reference/hidro
      hash: md5
      md5: 07b015c63a6fe1536fa8b56ce2d03db8.dir
      size: 20042080
      nfiles: 147
    - path: data/reference/weather
      hash: md5
      md5: 69d1a61abdbb56654fe6384f1c117ac0.dir
      size: 10609719
      nfiles: 57
    - path: reports/data_testing
      hash: md5
      md5: f35dbaf826782cab39db24fd09083898.dir
      size: 847539208
      nfiles: 205
  train_hidro:
    cmd: "poetry run python -m src.model.train_hidro_global\ngit commit -am \"Updated
      hidro global model on `date` with DVC pipeline and GitHub workflows\" || true\n\
      \ git push || true\ndvc push || true\n"
    deps:
    - path: data/preprocessed/hidro
      hash: md5
      md5: d09d5c2e4355d9be1ae3aad6e739d333.dir
      size: 19939034
      nfiles: 147
    - path: data/reference/hidro
      hash: md5
      md5: 07b015c63a6fe1536fa8b56ce2d03db8.dir
      size: 20042080
      nfiles: 147
    - path: gx/uncommitted/data_docs
      hash: md5
      md5: cfa91930503844042434797617931b9f.dir
      size: 29583568
      nfiles: 451
    - path: src/model/preprocess.py
      hash: md5
      md5: 0edfc4ef00adb1a786e7c118391b0328
      size: 1748
    - path: src/model/train_hidro_global.py
      hash: md5
      md5: 38c70a94a724d14e3e0229e949d1b0f5
      size: 12478
    params:
      params.yaml:
        train.batch_size: 32
        train.epochs: 20
        train.feature_cols:
        - vodostaj
        - pretok
        - temp_vode
        train.global_models_output_dir: models/hidro_global
        train.hidro_input_dir: data/preprocessed/hidro
        train.min_rows: 100
        train.target_col: vodostaj
        train.test_size: 48
        train.window_size: 24
    outs:
    - path: models/hidro_global
      hash: md5
      md5: a17f594e853f15d569fc84967b026881.dir
      size: 280118
      nfiles: 2
  train_risk_classifier:
    cmd: "poetry run python -m src.model.train_risk_classifier\ngit commit -am \"\
      \ Updated risk classifier model on `date` with DVC pipeline and GitHub workflows\"\
      \ || true\ngit push || true\ndvc push || true\n"
    deps:
    - path: data/preprocessed/hidro
      hash: md5
      md5: d09d5c2e4355d9be1ae3aad6e739d333.dir
      size: 19939034
      nfiles: 147
    - path: data/preprocessed/weather
      hash: md5
      md5: aedf693be370a18d5d9822a2d979f3a9.dir
      size: 10659218
      nfiles: 57
    - path: data/reference/hidro
      hash: md5
      md5: 07b015c63a6fe1536fa8b56ce2d03db8.dir
      size: 20042080
      nfiles: 147
    - path: data/reference/weather
      hash: md5
      md5: 69d1a61abdbb56654fe6384f1c117ac0.dir
      size: 10609719
      nfiles: 57
    - path: gx/uncommitted/data_docs
      hash: md5
      md5: cfa91930503844042434797617931b9f.dir
      size: 29583568
      nfiles: 451
    - path: src/model/train_risk_classifier.py
      hash: md5
      md5: f961bd5d28b955841440552477ce2f1b
      size: 16526
    params:
      params.yaml:
        train.feature_cols:
        - vodostaj
        - pretok
        - temp_vode
        train.hidro_input_dir: data/preprocessed/hidro
        train.min_rows: 100
        train.risk_models_output_dir: models/risk
        train.test_size: 48
        train.weather_input_dir: data/preprocessed/weather
    outs:
    - path: models/risk
      hash: md5
      md5: 4ce7b3bf6a8d1b6e7bfdab48285430d7.dir
      size: 22649542
      nfiles: 3
  export_onnx:
    cmd: poetry run python -m src.model.export.export_onnx
    deps:
    - path: models/hidro_global/model_hidro_global.keras
      hash: md5
      md5: caa6fbae3a7d25a3a68a1d5a945d4efc
      size: 278716
    - path: models/risk/risk_classifier.keras
      hash: md5
      md5: 0deee6a2269af29e774eb0e543d54b42
      size: 64594
    - path: src/model/export/export_onnx.py
      hash: md5
      md5: 04dc422fe578476112b8786820271182
      size: 1248
    outs:
    - path: models/onnx
      hash: md5
      md5: 2999a9c580ed5c4e06877e6632ca7a96.dir
      size: 101353
      nfiles: 2
  prepare_production_data:
    cmd: poetry run python src/data/make_production_data.py
    deps:
    - path: data/preprocessed/hidro
      hash: md5
      md5: cd6a70e9634e96dcc2b91daeeac22072.dir
      size: 20056531
      nfiles: 147
    - path: data/preprocessed/weather
      hash: md5
      md5: 02bd4a22c7dba0d942f5dd6189d529c7.dir
      size: 10659218
      nfiles: 57
    - path: reports/modeling/risk_classifier_used_station_mapping.csv
      hash: md5
      md5: a7d315452bf7a291cad7a451a6936c8a
      size: 2376
    - path: src/data/make_production_data.py
      hash: md5
      md5: dffe0e18e0e01f0b1a231c9c04fc3c2d
      size: 6149
    outs:
    - path: data/production/hidro
      hash: md5
      md5: ad270cc24949162685f876ce9df9f845.dir
      size: 3081576
      nfiles: 75
    - path: data/production/weather
      hash: md5
      md5: 129204630eb9094a9912391d5ff4c770.dir
      size: 1249058
      nfiles: 26
