schema: '2.0'
stages:
  fetch_hidro:
    cmd: "poetry run python src/data/fetch_hidro_data.py\ngit commit -am \"Updated
      raw hidro data on `date` with DVC pipeline and GitHub workflows\" || exit 0\n
      git push || true\ndvc push || true\n"
    deps:
    - path: src/data/fetch_hidro_data.py
      hash: md5
      md5: 73c54a93d6d122ae33d6aa20a7ebf20d
      size: 946
    params:
      params.yaml:
        fetch.hidro_url: https://www.arso.gov.si/xml/vode/hidro_podatki_zadnji.xml
    outs:
    - path: data/raw/hidro/hidro_data.xml
      hash: md5
      md5: a5ab02eed79b135cf75daa034a4aa055
      size: 98002
  preprocess_hidro:
    cmd: "poetry run python src/data/preprocess_hidro_data.py\ngit commit -am \"Updated
      preprocessed hidro data on `date` with DVC pipeline and GitHub workflows\" ||
      exit 0\ngit push || true\ndvc push || true\n"
    deps:
    - path: data/raw/hidro/hidro_data.xml
      hash: md5
      md5: a5ab02eed79b135cf75daa034a4aa055
      size: 98002
    - path: src/data/preprocess_hidro_data.py
      hash: md5
      md5: 6a2c339aff336a4c5dbc703254ea4599
      size: 3070
    params:
      params.yaml:
        stations.hidro_stations:
        - Ajdovščina
        - Bezovljak
        - Bistra
        - Bišče
        - Blate
        - Bodešče
        - Bokalce
        - Borl
        - Borovnica
        - Branik
        - Cankova
        - Celje
        - Cerknica
        - Cerkno
        - Dekani
        - Dolenjce
        - Dolenje
        - Dovže
        - Dvor
        - Fužina
        - Gaberke
        - Gočova
        - Gradac
        - Gradiček
        - Hasberg
        - Hodoš
        - Hotešk
        - Hrastnik
        - Ig
        - Jelovec
        - Jesenice
        - Kamin
        - Kamnik
        - Kobarid
        - Kobilje
        - Kokra
        - Kranj
        - Kraše
        - Kršovec
        - Kubed
        - Lajb
        - Laško
        - Letuš
        - Levec
        - Litija
        - Livold
        - Logatec
        - Loka
        - Loče
        - Luče
        - Makole
        - Malni
        - Martjanci
        - Medlog
        - Medno
        - Medvode
        - Metlika
        - Miren
        - Mlačevo
        - Mlino
        - Moste
        - Muta
        - Nazarje
        - Neblo
        - Nevlje
        - Nuskova
        - Okroglo
        - Ovsiše
        - Perovec
        - Petanjci
        - Petrina
        - Pišine
        - Podbočje
        - Podbukovje
        - Podhom
        - Podkaštel
        - Podlehnik
        - Podnanos
        - Podrečje
        - Podroteja
        - Polana
        - Polže
        - Potoki
        - Preska
        - Prestranek
        - Prečna
        - Prigorica
        - Pristava
        - Ptuj
        - Radovljica
        - Rakovec
        - Ranca
        - Razori
        - Rašica
        - Rečica
        - Rogatec
        - Ruta
        - Sodevci
        - Sodražica
        - Solkan
        - Solčava
        - Soteska
        - Središče
        - Stopiče
        - Suha
        - Tolmin
        - Topole
        - Trnovo
        - Trpčane
        - Tržec
        - Ukanc
        - Velenje
        - Verd
        - Vešter
        - Videm
        - Vipava
        - Vir
        - Vodiško
        - Vrhnika
        - Zagaj
        - Zagorje
        - Zalošče
        - Zamušani
        - Zarečica
        - Zavrč
        - Zminec
        - Zreče
        - Čatež
        - Čentiba
        - Črna
        - Črneče
        - Črnolica
        - Šalara
        - Šentjakob
        - Škocjan
        - Šoštanj
        - Žaga
        - Žebnik
        - Železniki
        - Žiri
    outs:
    - path: data/preprocessed/hidro
      hash: md5
      md5: b719c8d159d64c42fda1129661464a38.dir
      size: 7200985
      nfiles: 147
  fetch_weather:
    cmd: "poetry run python src/data/fetch_weather_data.py\ngit commit -am \"Updated
      raw weather data on `date` with DVC pipeline and GitHub workflows\" || true\n
      git push || true\ndvc push || true\n"
    deps:
    - path: src/data/fetch_weather_data.py
      hash: md5
      md5: 0c24e13c2f53de40932bb824ff05db62
      size: 932
    params:
      params.yaml:
        fetch.weather_url: 
          https://meteo.arso.gov.si/uploads/probase/www/observ/surface/text/sl/observationAms_si_latest.xml
    outs:
    - path: data/raw/weather/weather_data.xml
      hash: md5
      md5: 099f7ce81c4ed07c5b9c8dee24f730d7
      size: 838387
  preprocess_weather:
    cmd: "poetry run python src/data/preprocess_weather_data.py\ngit commit -am \"\
      Updated preprocessed weather data on `date` with DVC pipeline and GitHub workflows\"\
      \ || true\ngit push || true\ndvc push || true\n"
    deps:
    - path: data/raw/weather/weather_data.xml
      hash: md5
      md5: f507530a41b131103e72a8e7bcfc2bcd
      size: 683100
    - path: src/data/preprocess_weather_data.py
      hash: md5
      md5: b02a4b19fbbf9f61747746248991ec4d
      size: 3007
    params:
      params.yaml:
        stations.weather_stations:
        - BABNO_POLJE
        - BILJE
        - BLEGOŠ
        - BOHINJSKA_ČEŠNJICA
        - BORŠT_PRI_GORENJI_VASI
        - BOVEC
        - BREGINJ
        - BRNIK_LETALIŠČE
        - BUKOVSKI_VRH
        - CELJE
        - CERKLJE_LETALIŠČE
        - CERKNIŠKO_JEZERO
        - DAVČA
        - DEBELI_RTIČ
        - Dobliče_Črnomelj
        - Dolenje_Ajdovščina
        - GAČNIK
        - GODNJE
        - GORIČKO
        - GORNJI_GRAD
        - HOČKO_POHORJE
        - HRASTNIK
        - IDRIJA_ČISTILNA_NAPRAVA
        - ILIRSKA_BISTRICA
        - ISKRBA
        - JERONIM
        - JERUZALEM
        - JEZERSKO
        - KAMNIŠKA_BISTRICA
        - KANIN
        - KOPER
        - KOPER_KAPETANIJA
        - KOPER_LUKA
        - KORENSKO_SEDLO
        - KOČEVJE
        - KRANJ
        - KREDARICA
        - KRN
        - KRVAVEC
        - KUBED
        - KUM
        - Krško
        - LESCE
        - LISCA
        - LITIJA
        - LJUBLJANA_BEŽIGRAD
        - LJUBLJANA_VIČ
        - LOGARSKA_DOLINA
        - LOGATEC
        - Lendava
        - MALKOVEC
        - MARIBOR_LETALIŠČE
        - MARIBOR_VRBANSKI_PLATO
        - MARINČA_VAS
        - METLIKA
        - MEŽICA
        - MIKLAVŽ_NA_GORJANCIH
        - MURSKA_SOBOTA_RAKIČAN
        - NANOS
        - NOVA_GORICA
        - NOVA_VAS_BLOKE
        - NOVO_MESTO
        - OSILNICA
        - OTLICA
        - PASJA_RAVAN
        - PAVLIČEVO_SEDLO
        - PIRAN_BOJA
        - PLANINA_POD_GOLICO
        - PODNANOS
        - PORTOROŽ_LETALIŠČE
        - POSTOJNA
        - PREDEL
        - PTUJ
        - RADEGUNDA
        - RATEČE_PLANICA
        - RATITOVEC
        - RAVNE_NA_KOROŠKEM
        - ROGAŠKA_SLATINA
        - ROGLA
        - RUDNO_POLJE
        - SEVNO
        - SLAVNIK
        - SLOVENJ_GRADEC
        - SLOVENSKE_KONJICE
        - SVIŠČAKI
        - TATRE
        - TOLMIN_VOLČE
        - TOPOL
        - TRBOVLJE
        - TREBNJE
        - TRIJE_KRALJI
        - TROJANE_LIMOVCE
        - TRŽAŠKI_ZALIV
        - URŠLJA_GORA
        - VEDRIJAN
        - VELENJE
        - VELIKE_LAŠČE
        - VRHNIKA
        - VRŠIČ
        - Vogel
        - ZADLOG
        - ZELENICA
        - ZGORNJA_KAPLA
        - ZGORNJA_RADOVNA
        - ZGORNJA_sORICA
        - ŠEBRELJSKI_VRH
        - ŠKOCJAN
    outs:
    - path: data/preprocessed/weather
      hash: md5
      md5: 1d5742deaa5e502f9af4186f0b3999cb.dir
      size: 4001178
      nfiles: 57
